
Microsoft Visual Studio Solution File, Format Version 12.00
# Visual Studio Version 16
VisualStudioVersion = 16.0.31911.196
MinimumVisualStudioVersion = 10.0.40219.1
Project("{FAE04EC0-301F-11D3-BF4B-00C04F79EFBC}") = "Homework-1", "Homework-1.csproj", "{138EA0DF-0BC1-4EC7-A096-D8FDD58D7EA9}"
	ProjectSection(ProjectDependencies) = postProject
		{62EF89F0-C123-4C7D-AD04-F887EA55B8C3} = {62EF89F0-C123-4C7D-AD04-F887EA55B8C3}
	EndProjectSection
EndProject
Project("{FAE04EC0-301F-11D3-BF4B-00C04F79EFBC}") = "HW1TaskLibWithExpts", "..\HW1TaskLibWithExpts\HW1TaskLibWithExpts.csproj", "{62EF89F0-C123-4C7D-AD04-F887EA55B8C3}"
EndProject
Global
	GlobalSection(SolutionConfigurationPlatforms) = preSolution
		Debug|Any CPU = Debug|Any CPU
		Release|Any CPU = Release|Any CPU
	EndGlobalSection
	GlobalSection(ProjectConfigurationPlatforms) = postSolution
		{138EA0DF-0BC1-4EC7-A096-D8FDD58D7EA9}.Debug|Any CPU.ActiveCfg = Debug|Any CPU
		{138EA0DF-0BC1-4EC7-A096-D8FDD58D7EA9}.Debug|Any CPU.Build.0 = Debug|Any CPU
		{138EA0DF-0BC1-4EC7-A096-D8FDD58D7EA9}.Release|Any CPU.ActiveCfg = Release|Any CPU
		{138EA0DF-0BC1-4EC7-A096-D8FDD58D7EA9}.Release|Any CPU.Build.0 = Release|Any CPU
		{62EF89F0-C123-4C7D-AD04-F887EA55B8C3}.Debug|Any CPU.ActiveCfg = Debug|Any CPU
		{62EF89F0-C123-4C7D-AD04-F887EA55B8C3}.Debug|Any CPU.Build.0 = Debug|Any CPU
		{62EF89F0-C123-4C7D-AD04-F887EA55B8C3}.Release|Any CPU.ActiveCfg = Release|Any CPU
		{62EF89F0-C123-4C7D-AD04-F887EA55B8C3}.Release|Any CPU.Build.0 = Release|Any CPU
	EndGlobalSection
	GlobalSection(SolutionProperties) = preSolution
		HideSolutionNode = FALSE
	EndGlobalSection
	GlobalSection(ExtensibilityGlobals) = postSolution
		SolutionGuid = {9BEBB4F2-7045-4DB4-A38C-507D42D7CA8A}
	EndGlobalSection
EndGlobal
